
Microsoft Visual Studio Solution File, Format Version 12.00
# Visual Studio 15
VisualStudioVersion = 15.0.28307.421
MinimumVisualStudioVersion = 10.0.40219.1
Project("{FAE04EC0-301F-11D3-BF4B-00C04F79EFBC}") = "DrawingObjects", "DrawingObjects\DrawingObjects.csproj", "{82513F3B-3387-4EE8-A403-1A920AAB7601}"
EndProject
Global
	GlobalSection(SolutionConfigurationPlatforms) = preSolution
		Debug|Any CPU = Debug|Any CPU
		Release|Any CPU = Release|Any CPU
	EndGlobalSection
	GlobalSection(ProjectConfigurationPlatforms) = postSolution
		{82513F3B-3387-4EE8-A403-1A920AAB7601}.Debug|Any CPU.ActiveCfg = Debug|Any CPU
		{82513F3B-3387-4EE8-A403-1A920AAB7601}.Debug|Any CPU.Build.0 = Debug|Any CPU
		{82513F3B-3387-4EE8-A403-1A920AAB7601}.Release|Any CPU.ActiveCfg = Release|Any CPU
		{82513F3B-3387-4EE8-A403-1A920AAB7601}.Release|Any CPU.Build.0 = Release|Any CPU
	EndGlobalSection
	GlobalSection(SolutionProperties) = preSolution
		HideSolutionNode = FALSE
	EndGlobalSection
	GlobalSection(ExtensibilityGlobals) = postSolution
		SolutionGuid = {D907F7E2-24BE-43A0-866A-151AC6785C9B}
	EndGlobalSection
EndGlobal
