
Microsoft Visual Studio Solution File, Format Version 12.00
# Visual Studio 15
VisualStudioVersion = 15.0.28307.489
MinimumVisualStudioVersion = 10.0.40219.1
Project("{FAE04EC0-301F-11D3-BF4B-00C04F79EFBC}") = "FDraw", "FDraw\FDraw.csproj", "{CBC666BD-5260-4E26-9EF9-F370CCF81E77}"
EndProject
Global
	GlobalSection(SolutionConfigurationPlatforms) = preSolution
		Debug|Any CPU = Debug|Any CPU
		Release|Any CPU = Release|Any CPU
	EndGlobalSection
	GlobalSection(ProjectConfigurationPlatforms) = postSolution
		{CBC666BD-5260-4E26-9EF9-F370CCF81E77}.Debug|Any CPU.ActiveCfg = Debug|Any CPU
		{CBC666BD-5260-4E26-9EF9-F370CCF81E77}.Debug|Any CPU.Build.0 = Debug|Any CPU
		{CBC666BD-5260-4E26-9EF9-F370CCF81E77}.Release|Any CPU.ActiveCfg = Release|Any CPU
		{CBC666BD-5260-4E26-9EF9-F370CCF81E77}.Release|Any CPU.Build.0 = Release|Any CPU
	EndGlobalSection
	GlobalSection(SolutionProperties) = preSolution
		HideSolutionNode = FALSE
	EndGlobalSection
	GlobalSection(ExtensibilityGlobals) = postSolution
		SolutionGuid = {2BED23FE-0D2C-4247-BE56-FA239AC259D1}
	EndGlobalSection
EndGlobal
