
Microsoft Visual Studio Solution File, Format Version 12.00
# Visual Studio 15
VisualStudioVersion = 15.0.28307.421
MinimumVisualStudioVersion = 10.0.40219.1
Project("{FAE04EC0-301F-11D3-BF4B-00C04F79EFBC}") = "Rezultati", "Rezultati\Rezultati.csproj", "{08C13E4A-2625-4800-85D9-0721F93D0FFC}"
EndProject
Global
	GlobalSection(SolutionConfigurationPlatforms) = preSolution
		Debug|Any CPU = Debug|Any CPU
		Release|Any CPU = Release|Any CPU
	EndGlobalSection
	GlobalSection(ProjectConfigurationPlatforms) = postSolution
		{08C13E4A-2625-4800-85D9-0721F93D0FFC}.Debug|Any CPU.ActiveCfg = Debug|Any CPU
		{08C13E4A-2625-4800-85D9-0721F93D0FFC}.Debug|Any CPU.Build.0 = Debug|Any CPU
		{08C13E4A-2625-4800-85D9-0721F93D0FFC}.Release|Any CPU.ActiveCfg = Release|Any CPU
		{08C13E4A-2625-4800-85D9-0721F93D0FFC}.Release|Any CPU.Build.0 = Release|Any CPU
	EndGlobalSection
	GlobalSection(SolutionProperties) = preSolution
		HideSolutionNode = FALSE
	EndGlobalSection
	GlobalSection(ExtensibilityGlobals) = postSolution
		SolutionGuid = {E8E7A57A-F5B9-4601-AF48-0593B9B86CB4}
	EndGlobalSection
EndGlobal
