
Microsoft Visual Studio Solution File, Format Version 12.00
# Visual Studio 15
VisualStudioVersion = 15.0.28307.489
MinimumVisualStudioVersion = 10.0.40219.1
Project("{FAE04EC0-301F-11D3-BF4B-00C04F79EFBC}") = "Airports", "Airports\Airports.csproj", "{55ADE5A8-3D61-42D3-B72E-6506279EE658}"
EndProject
Global
	GlobalSection(SolutionConfigurationPlatforms) = preSolution
		Debug|Any CPU = Debug|Any CPU
		Release|Any CPU = Release|Any CPU
	EndGlobalSection
	GlobalSection(ProjectConfigurationPlatforms) = postSolution
		{55ADE5A8-3D61-42D3-B72E-6506279EE658}.Debug|Any CPU.ActiveCfg = Debug|Any CPU
		{55ADE5A8-3D61-42D3-B72E-6506279EE658}.Debug|Any CPU.Build.0 = Debug|Any CPU
		{55ADE5A8-3D61-42D3-B72E-6506279EE658}.Release|Any CPU.ActiveCfg = Release|Any CPU
		{55ADE5A8-3D61-42D3-B72E-6506279EE658}.Release|Any CPU.Build.0 = Release|Any CPU
	EndGlobalSection
	GlobalSection(SolutionProperties) = preSolution
		HideSolutionNode = FALSE
	EndGlobalSection
	GlobalSection(ExtensibilityGlobals) = postSolution
		SolutionGuid = {49B51A70-58C0-4EF5-98FF-FCE5A4B112F0}
	EndGlobalSection
EndGlobal
