
Microsoft Visual Studio Solution File, Format Version 12.00
# Visual Studio 15
VisualStudioVersion = 15.0.28307.421
MinimumVisualStudioVersion = 10.0.40219.1
Project("{FAE04EC0-301F-11D3-BF4B-00C04F79EFBC}") = "PotrosuvackaKosnica", "PotrosuvackaKosnica\PotrosuvackaKosnica.csproj", "{7A5454F7-C93B-4CDA-B001-C892CDFD4887}"
EndProject
Global
	GlobalSection(SolutionConfigurationPlatforms) = preSolution
		Debug|Any CPU = Debug|Any CPU
		Release|Any CPU = Release|Any CPU
	EndGlobalSection
	GlobalSection(ProjectConfigurationPlatforms) = postSolution
		{7A5454F7-C93B-4CDA-B001-C892CDFD4887}.Debug|Any CPU.ActiveCfg = Debug|Any CPU
		{7A5454F7-C93B-4CDA-B001-C892CDFD4887}.Debug|Any CPU.Build.0 = Debug|Any CPU
		{7A5454F7-C93B-4CDA-B001-C892CDFD4887}.Release|Any CPU.ActiveCfg = Release|Any CPU
		{7A5454F7-C93B-4CDA-B001-C892CDFD4887}.Release|Any CPU.Build.0 = Release|Any CPU
	EndGlobalSection
	GlobalSection(SolutionProperties) = preSolution
		HideSolutionNode = FALSE
	EndGlobalSection
	GlobalSection(ExtensibilityGlobals) = postSolution
		SolutionGuid = {7292D4BB-094B-4627-B29E-70B7CAA673B1}
	EndGlobalSection
EndGlobal
